{
  "name": "cert-sig-alg",
  "version": "1.0.0",
  "lockfileVersion": 1,
  "dependencies": {
    "async": {
      "version": "1.5.2",
      "resolved": "https://registry.npmjs.org/async/-/async-1.5.2.tgz",
      "integrity": "sha1-7GphrlZIDAw8skHJVhjiCJL5Zyo="
    },
    "bluebird": {
      "version": "3.5.0",
      "resolved": "https://registry.npmjs.org/bluebird/-/bluebird-3.5.0.tgz",
      "integrity": "sha1-eRQg1/VR7qKJdFOop3ZT+WYG1nw="
    },
    "debug": {
      "version": "0.7.4",
      "resolved": "https://registry.npmjs.org/debug/-/debug-0.7.4.tgz",
      "integrity": "sha1-BuHqgILCyxTjmAbiLi9vdX+Srzk="
    },
    "openssl-wrapper": {
      "version": "0.2.3",
      "resolved": "https://registry.npmjs.org/openssl-wrapper/-/openssl-wrapper-0.2.3.tgz",
      "integrity": "sha1-pyZOJwGq2zKRgaO1yVDe/TIT9ss=",
      "dependencies": {
        "q": {
          "version": "0.9.7",
          "resolved": "https://registry.npmjs.org/q/-/q-0.9.7.tgz",
          "integrity": "sha1-TeLmyzspCIyeTLwDv51C+5bOL3U="
        }
      }
    },
    "q": {
      "version": "1.5.0",
      "resolved": "https://registry.npmjs.org/q/-/q-1.5.0.tgz",
      "integrity": "sha1-3QG6ydBtMObyGa7LglPunr3DCPE="
    }
  }
}
